
Microsoft Visual Studio Solution File, Format Version 12.00
# Visual Studio Version 17
VisualStudioVersion = 17.4.33213.308
MinimumVisualStudioVersion = 10.0.40219.1
Project("{2150E333-8FDC-42A3-9474-1A3956D46DE8}") = "src", "src", "{6CDDF9AB-5A3B-4DD2-895A-66490F3765E3}"
EndProject
Project("{2150E333-8FDC-42A3-9474-1A3956D46DE8}") = "core", "core", "{945A1E18-7F67-4B22-9FF8-106DC28D24F0}"
EndProject
Project("{2150E333-8FDC-42A3-9474-1A3956D46DE8}") = "services", "services", "{E2778D0C-927E-458F-8F06-8B6146F59666}"
EndProject
Project("{2150E333-8FDC-42A3-9474-1A3956D46DE8}") = "product", "product", "{B1A09336-7642-4E20-90D5-811C68F18AF7}"
EndProject
Project("{9A19103F-16F7-4668-BE54-9A1E7A4F7556}") = "api", "src\services\product\api\api.csproj", "{C14F4EEB-FE93-423F-A3B8-8AADEE8149A8}"
EndProject
Project("{9A19103F-16F7-4668-BE54-9A1E7A4F7556}") = "application", "src\services\product\application\application.csproj", "{B5928BF6-1920-4858-8D35-379F514772EE}"
EndProject
Project("{9A19103F-16F7-4668-BE54-9A1E7A4F7556}") = "domain", "src\services\product\domain\domain.csproj", "{1D90F43D-2025-4B8A-954E-4FCD28E79B04}"
EndProject
Project("{9A19103F-16F7-4668-BE54-9A1E7A4F7556}") = "infrastructure", "src\services\product\infrastructure\infrastructure.csproj", "{53AA6E30-E2FA-4E61-BB61-0A0EE7480D91}"
EndProject
Project("{9A19103F-16F7-4668-BE54-9A1E7A4F7556}") = "core-application", "src\core\core-application\core-application.csproj", "{A538124C-34A3-4C7B-A88B-2F8625819CE8}"
EndProject
Project("{9A19103F-16F7-4668-BE54-9A1E7A4F7556}") = "core-domain", "src\core\core-domain\core-domain.csproj", "{B53CEDC9-7EE8-4135-86CC-CB0B1512B3B4}"
EndProject
Project("{9A19103F-16F7-4668-BE54-9A1E7A4F7556}") = "core-infrastructure", "src\core\core-infrastructure\core-infrastructure.csproj", "{474FE5F0-CEE8-49E2-9FE9-D48513FBA25B}"
EndProject
Project("{2150E333-8FDC-42A3-9474-1A3956D46DE8}") = "Solution Items", "Solution Items", "{56352DBB-1DBE-44A2-8B0A-2FFE596B98C0}"
	ProjectSection(SolutionItems) = preProject
		CouchbaseNotes.txt = CouchbaseNotes.txt
		docker-compose.yml = docker-compose.yml
		MongoDbNotes.txt = MongoDbNotes.txt
		NosqlArgeNotes.txt = NosqlArgeNotes.txt
		readme.txt = readme.txt
		ResponseCompressionNotes.txt = ResponseCompressionNotes.txt
	EndProjectSection
EndProject
Project("{2150E333-8FDC-42A3-9474-1A3956D46DE8}") = "test", "test", "{0EA5EC11-526A-4C55-BF7D-1B9C48A5B3EC}"
EndProject
Project("{2150E333-8FDC-42A3-9474-1A3956D46DE8}") = "services", "services", "{CDAD3F5F-3FBE-44B9-B69D-EF072342691B}"
EndProject
Project("{2150E333-8FDC-42A3-9474-1A3956D46DE8}") = "product", "product", "{FEAF0D4E-BA6D-4319-8322-9594554724B4}"
EndProject
Project("{9A19103F-16F7-4668-BE54-9A1E7A4F7556}") = "application.UnitTests", "test\services\product\application.UnitTests\application.UnitTests.csproj", "{1EEDC174-0492-429C-867E-55B7732F1DD5}"
EndProject
Project("{2150E333-8FDC-42A3-9474-1A3956D46DE8}") = "basket", "basket", "{5C9FFC9F-9EC0-48DD-ADDC-53B082681679}"
EndProject
Project("{9A19103F-16F7-4668-BE54-9A1E7A4F7556}") = "application", "src\services\basket\application\application.csproj", "{45C28000-8FF3-476D-B373-A433711A664A}"
EndProject
Project("{9A19103F-16F7-4668-BE54-9A1E7A4F7556}") = "domain", "src\services\basket\domain\domain.csproj", "{64CDB4B1-107B-4ED2-89AE-7483BA5EC01E}"
EndProject
Project("{9A19103F-16F7-4668-BE54-9A1E7A4F7556}") = "infrastructure", "src\services\basket\infrastructure\infrastructure.csproj", "{9D4DB16B-4FA7-4F27-B035-D8CE0D237C26}"
EndProject
Project("{9A19103F-16F7-4668-BE54-9A1E7A4F7556}") = "api", "src\services\basket\api\api.csproj", "{1AFD424C-9CA3-4DFB-A5EC-379DCDB17AAA}"
EndProject
Project("{2150E333-8FDC-42A3-9474-1A3956D46DE8}") = "core", "core", "{E368C15A-BAD7-42FF-BBA1-B14C0CFD649F}"
EndProject
Project("{9A19103F-16F7-4668-BE54-9A1E7A4F7556}") = "core-application.UnitTests", "test\core\core-application.UnitTests\core-application.UnitTests.csproj", "{0F812D94-61CD-4926-951A-10F83CC9205B}"
EndProject
Project("{2150E333-8FDC-42A3-9474-1A3956D46DE8}") = "basket", "basket", "{FF316911-5489-4765-877D-287234621BD2}"
EndProject
Project("{9A19103F-16F7-4668-BE54-9A1E7A4F7556}") = "application.UnitTests", "test\services\basket\application.UnitTests\application.UnitTests.csproj", "{38639F36-32A1-47AE-BB9A-9F770FE59F5B}"
EndProject
Project("{2150E333-8FDC-42A3-9474-1A3956D46DE8}") = "order", "order", "{D7F608F4-CF96-4D67-8AA8-85E1E38D2777}"
EndProject
Project("{2150E333-8FDC-42A3-9474-1A3956D46DE8}") = "stock", "stock", "{85D4D7DE-049E-4B34-A38D-0EC21D52B6B5}"
EndProject
Project("{9A19103F-16F7-4668-BE54-9A1E7A4F7556}") = "api", "src\services\order\api\api.csproj", "{70ECBAD4-BB2F-41FB-96A4-ADB85026F817}"
EndProject
Project("{9A19103F-16F7-4668-BE54-9A1E7A4F7556}") = "application", "src\services\order\application\application.csproj", "{B4386DE9-F1F4-4701-B376-85EF6201FAD9}"
EndProject
Project("{9A19103F-16F7-4668-BE54-9A1E7A4F7556}") = "domain", "src\services\order\domain\domain.csproj", "{1492B33F-C0A0-47D1-B4A5-3B4AF17F3533}"
EndProject
Project("{9A19103F-16F7-4668-BE54-9A1E7A4F7556}") = "infrastructure", "src\services\order\infrastructure\infrastructure.csproj", "{BF427ADE-0436-46A1-ADD9-B2C9F5F777FA}"
EndProject
Project("{9A19103F-16F7-4668-BE54-9A1E7A4F7556}") = "core-messages", "src\core\core-messages\core-messages.csproj", "{82FB2CE9-0312-48D4-B3DB-6240568AB288}"
EndProject
Project("{9A19103F-16F7-4668-BE54-9A1E7A4F7556}") = "api", "src\services\stock\api\api.csproj", "{33DD83BB-A155-4F04-8522-407FA3500353}"
EndProject
Project("{9A19103F-16F7-4668-BE54-9A1E7A4F7556}") = "application", "src\services\stock\application\application.csproj", "{D7C93E40-2DAF-42AD-B6FC-40F0A66B5D3D}"
EndProject
Project("{9A19103F-16F7-4668-BE54-9A1E7A4F7556}") = "infrastructure", "src\services\stock\infrastructure\infrastructure.csproj", "{7BF53965-F961-4405-A4F6-7CAAF1244B08}"
EndProject
Project("{9A19103F-16F7-4668-BE54-9A1E7A4F7556}") = "domain", "src\services\stock\domain\domain.csproj", "{E39F704E-342C-468C-A162-73DCAC9EE84B}"
EndProject
Project("{2150E333-8FDC-42A3-9474-1A3956D46DE8}") = "consulSettings", "consulSettings", "{3435A3E7-F022-4018-B92F-1B2F04E3DC51}"
EndProject
Project("{2150E333-8FDC-42A3-9474-1A3956D46DE8}") = "product", "product", "{98278E60-F9E0-4F8A-BFA4-E2FBF6A24B5D}"
	ProjectSection(SolutionItems) = preProject
		consulSettings\product\product-appsettings.Development = consulSettings\product\product-appsettings.Development
	EndProjectSection
EndProject
Project("{2150E333-8FDC-42A3-9474-1A3956D46DE8}") = "basket", "basket", "{DBE33587-153E-4D84-93BA-491C5B319586}"
	ProjectSection(SolutionItems) = preProject
		consulSettings\basket\basket-appsettings.Development = consulSettings\basket\basket-appsettings.Development
	EndProjectSection
EndProject
Project("{2150E333-8FDC-42A3-9474-1A3956D46DE8}") = "order", "order", "{198BAE15-72C0-498F-A21C-AB9CD40A6431}"
	ProjectSection(SolutionItems) = preProject
		consulSettings\order\order-appsettings.Development = consulSettings\order\order-appsettings.Development
	EndProjectSection
EndProject
Project("{2150E333-8FDC-42A3-9474-1A3956D46DE8}") = "stock", "stock", "{4A2C09B9-414C-4570-9DC0-88C6DDAB0788}"
	ProjectSection(SolutionItems) = preProject
		consulSettings\stock\stock-appsettings.Development = consulSettings\stock\stock-appsettings.Development
	EndProjectSection
EndProject
Global
	GlobalSection(SolutionConfigurationPlatforms) = preSolution
		Debug|Any CPU = Debug|Any CPU
		Release|Any CPU = Release|Any CPU
	EndGlobalSection
	GlobalSection(ProjectConfigurationPlatforms) = postSolution
		{C14F4EEB-FE93-423F-A3B8-8AADEE8149A8}.Debug|Any CPU.ActiveCfg = Debug|Any CPU
		{C14F4EEB-FE93-423F-A3B8-8AADEE8149A8}.Debug|Any CPU.Build.0 = Debug|Any CPU
		{C14F4EEB-FE93-423F-A3B8-8AADEE8149A8}.Release|Any CPU.ActiveCfg = Release|Any CPU
		{C14F4EEB-FE93-423F-A3B8-8AADEE8149A8}.Release|Any CPU.Build.0 = Release|Any CPU
		{B5928BF6-1920-4858-8D35-379F514772EE}.Debug|Any CPU.ActiveCfg = Debug|Any CPU
		{B5928BF6-1920-4858-8D35-379F514772EE}.Debug|Any CPU.Build.0 = Debug|Any CPU
		{B5928BF6-1920-4858-8D35-379F514772EE}.Release|Any CPU.ActiveCfg = Release|Any CPU
		{B5928BF6-1920-4858-8D35-379F514772EE}.Release|Any CPU.Build.0 = Release|Any CPU
		{1D90F43D-2025-4B8A-954E-4FCD28E79B04}.Debug|Any CPU.ActiveCfg = Debug|Any CPU
		{1D90F43D-2025-4B8A-954E-4FCD28E79B04}.Debug|Any CPU.Build.0 = Debug|Any CPU
		{1D90F43D-2025-4B8A-954E-4FCD28E79B04}.Release|Any CPU.ActiveCfg = Release|Any CPU
		{1D90F43D-2025-4B8A-954E-4FCD28E79B04}.Release|Any CPU.Build.0 = Release|Any CPU
		{53AA6E30-E2FA-4E61-BB61-0A0EE7480D91}.Debug|Any CPU.ActiveCfg = Debug|Any CPU
		{53AA6E30-E2FA-4E61-BB61-0A0EE7480D91}.Debug|Any CPU.Build.0 = Debug|Any CPU
		{53AA6E30-E2FA-4E61-BB61-0A0EE7480D91}.Release|Any CPU.ActiveCfg = Release|Any CPU
		{53AA6E30-E2FA-4E61-BB61-0A0EE7480D91}.Release|Any CPU.Build.0 = Release|Any CPU
		{A538124C-34A3-4C7B-A88B-2F8625819CE8}.Debug|Any CPU.ActiveCfg = Debug|Any CPU
		{A538124C-34A3-4C7B-A88B-2F8625819CE8}.Debug|Any CPU.Build.0 = Debug|Any CPU
		{A538124C-34A3-4C7B-A88B-2F8625819CE8}.Release|Any CPU.ActiveCfg = Release|Any CPU
		{A538124C-34A3-4C7B-A88B-2F8625819CE8}.Release|Any CPU.Build.0 = Release|Any CPU
		{B53CEDC9-7EE8-4135-86CC-CB0B1512B3B4}.Debug|Any CPU.ActiveCfg = Debug|Any CPU
		{B53CEDC9-7EE8-4135-86CC-CB0B1512B3B4}.Debug|Any CPU.Build.0 = Debug|Any CPU
		{B53CEDC9-7EE8-4135-86CC-CB0B1512B3B4}.Release|Any CPU.ActiveCfg = Release|Any CPU
		{B53CEDC9-7EE8-4135-86CC-CB0B1512B3B4}.Release|Any CPU.Build.0 = Release|Any CPU
		{474FE5F0-CEE8-49E2-9FE9-D48513FBA25B}.Debug|Any CPU.ActiveCfg = Debug|Any CPU
		{474FE5F0-CEE8-49E2-9FE9-D48513FBA25B}.Debug|Any CPU.Build.0 = Debug|Any CPU
		{474FE5F0-CEE8-49E2-9FE9-D48513FBA25B}.Release|Any CPU.ActiveCfg = Release|Any CPU
		{474FE5F0-CEE8-49E2-9FE9-D48513FBA25B}.Release|Any CPU.Build.0 = Release|Any CPU
		{1EEDC174-0492-429C-867E-55B7732F1DD5}.Debug|Any CPU.ActiveCfg = Debug|Any CPU
		{1EEDC174-0492-429C-867E-55B7732F1DD5}.Debug|Any CPU.Build.0 = Debug|Any CPU
		{1EEDC174-0492-429C-867E-55B7732F1DD5}.Release|Any CPU.ActiveCfg = Release|Any CPU
		{1EEDC174-0492-429C-867E-55B7732F1DD5}.Release|Any CPU.Build.0 = Release|Any CPU
		{45C28000-8FF3-476D-B373-A433711A664A}.Debug|Any CPU.ActiveCfg = Debug|Any CPU
		{45C28000-8FF3-476D-B373-A433711A664A}.Debug|Any CPU.Build.0 = Debug|Any CPU
		{45C28000-8FF3-476D-B373-A433711A664A}.Release|Any CPU.ActiveCfg = Release|Any CPU
		{45C28000-8FF3-476D-B373-A433711A664A}.Release|Any CPU.Build.0 = Release|Any CPU
		{64CDB4B1-107B-4ED2-89AE-7483BA5EC01E}.Debug|Any CPU.ActiveCfg = Debug|Any CPU
		{64CDB4B1-107B-4ED2-89AE-7483BA5EC01E}.Debug|Any CPU.Build.0 = Debug|Any CPU
		{64CDB4B1-107B-4ED2-89AE-7483BA5EC01E}.Release|Any CPU.ActiveCfg = Release|Any CPU
		{64CDB4B1-107B-4ED2-89AE-7483BA5EC01E}.Release|Any CPU.Build.0 = Release|Any CPU
		{9D4DB16B-4FA7-4F27-B035-D8CE0D237C26}.Debug|Any CPU.ActiveCfg = Debug|Any CPU
		{9D4DB16B-4FA7-4F27-B035-D8CE0D237C26}.Debug|Any CPU.Build.0 = Debug|Any CPU
		{9D4DB16B-4FA7-4F27-B035-D8CE0D237C26}.Release|Any CPU.ActiveCfg = Release|Any CPU
		{9D4DB16B-4FA7-4F27-B035-D8CE0D237C26}.Release|Any CPU.Build.0 = Release|Any CPU
		{1AFD424C-9CA3-4DFB-A5EC-379DCDB17AAA}.Debug|Any CPU.ActiveCfg = Debug|Any CPU
		{1AFD424C-9CA3-4DFB-A5EC-379DCDB17AAA}.Debug|Any CPU.Build.0 = Debug|Any CPU
		{1AFD424C-9CA3-4DFB-A5EC-379DCDB17AAA}.Release|Any CPU.ActiveCfg = Release|Any CPU
		{1AFD424C-9CA3-4DFB-A5EC-379DCDB17AAA}.Release|Any CPU.Build.0 = Release|Any CPU
		{0F812D94-61CD-4926-951A-10F83CC9205B}.Debug|Any CPU.ActiveCfg = Debug|Any CPU
		{0F812D94-61CD-4926-951A-10F83CC9205B}.Debug|Any CPU.Build.0 = Debug|Any CPU
		{0F812D94-61CD-4926-951A-10F83CC9205B}.Release|Any CPU.ActiveCfg = Release|Any CPU
		{0F812D94-61CD-4926-951A-10F83CC9205B}.Release|Any CPU.Build.0 = Release|Any CPU
		{38639F36-32A1-47AE-BB9A-9F770FE59F5B}.Debug|Any CPU.ActiveCfg = Debug|Any CPU
		{38639F36-32A1-47AE-BB9A-9F770FE59F5B}.Debug|Any CPU.Build.0 = Debug|Any CPU
		{38639F36-32A1-47AE-BB9A-9F770FE59F5B}.Release|Any CPU.ActiveCfg = Release|Any CPU
		{38639F36-32A1-47AE-BB9A-9F770FE59F5B}.Release|Any CPU.Build.0 = Release|Any CPU
		{70ECBAD4-BB2F-41FB-96A4-ADB85026F817}.Debug|Any CPU.ActiveCfg = Debug|Any CPU
		{70ECBAD4-BB2F-41FB-96A4-ADB85026F817}.Debug|Any CPU.Build.0 = Debug|Any CPU
		{70ECBAD4-BB2F-41FB-96A4-ADB85026F817}.Release|Any CPU.ActiveCfg = Release|Any CPU
		{70ECBAD4-BB2F-41FB-96A4-ADB85026F817}.Release|Any CPU.Build.0 = Release|Any CPU
		{B4386DE9-F1F4-4701-B376-85EF6201FAD9}.Debug|Any CPU.ActiveCfg = Debug|Any CPU
		{B4386DE9-F1F4-4701-B376-85EF6201FAD9}.Debug|Any CPU.Build.0 = Debug|Any CPU
		{B4386DE9-F1F4-4701-B376-85EF6201FAD9}.Release|Any CPU.ActiveCfg = Release|Any CPU
		{B4386DE9-F1F4-4701-B376-85EF6201FAD9}.Release|Any CPU.Build.0 = Release|Any CPU
		{1492B33F-C0A0-47D1-B4A5-3B4AF17F3533}.Debug|Any CPU.ActiveCfg = Debug|Any CPU
		{1492B33F-C0A0-47D1-B4A5-3B4AF17F3533}.Debug|Any CPU.Build.0 = Debug|Any CPU
		{1492B33F-C0A0-47D1-B4A5-3B4AF17F3533}.Release|Any CPU.ActiveCfg = Release|Any CPU
		{1492B33F-C0A0-47D1-B4A5-3B4AF17F3533}.Release|Any CPU.Build.0 = Release|Any CPU
		{BF427ADE-0436-46A1-ADD9-B2C9F5F777FA}.Debug|Any CPU.ActiveCfg = Debug|Any CPU
		{BF427ADE-0436-46A1-ADD9-B2C9F5F777FA}.Debug|Any CPU.Build.0 = Debug|Any CPU
		{BF427ADE-0436-46A1-ADD9-B2C9F5F777FA}.Release|Any CPU.ActiveCfg = Release|Any CPU
		{BF427ADE-0436-46A1-ADD9-B2C9F5F777FA}.Release|Any CPU.Build.0 = Release|Any CPU
		{82FB2CE9-0312-48D4-B3DB-6240568AB288}.Debug|Any CPU.ActiveCfg = Debug|Any CPU
		{82FB2CE9-0312-48D4-B3DB-6240568AB288}.Debug|Any CPU.Build.0 = Debug|Any CPU
		{82FB2CE9-0312-48D4-B3DB-6240568AB288}.Release|Any CPU.ActiveCfg = Release|Any CPU
		{82FB2CE9-0312-48D4-B3DB-6240568AB288}.Release|Any CPU.Build.0 = Release|Any CPU
		{33DD83BB-A155-4F04-8522-407FA3500353}.Debug|Any CPU.ActiveCfg = Debug|Any CPU
		{33DD83BB-A155-4F04-8522-407FA3500353}.Debug|Any CPU.Build.0 = Debug|Any CPU
		{33DD83BB-A155-4F04-8522-407FA3500353}.Release|Any CPU.ActiveCfg = Release|Any CPU
		{33DD83BB-A155-4F04-8522-407FA3500353}.Release|Any CPU.Build.0 = Release|Any CPU
		{D7C93E40-2DAF-42AD-B6FC-40F0A66B5D3D}.Debug|Any CPU.ActiveCfg = Debug|Any CPU
		{D7C93E40-2DAF-42AD-B6FC-40F0A66B5D3D}.Debug|Any CPU.Build.0 = Debug|Any CPU
		{D7C93E40-2DAF-42AD-B6FC-40F0A66B5D3D}.Release|Any CPU.ActiveCfg = Release|Any CPU
		{D7C93E40-2DAF-42AD-B6FC-40F0A66B5D3D}.Release|Any CPU.Build.0 = Release|Any CPU
		{7BF53965-F961-4405-A4F6-7CAAF1244B08}.Debug|Any CPU.ActiveCfg = Debug|Any CPU
		{7BF53965-F961-4405-A4F6-7CAAF1244B08}.Debug|Any CPU.Build.0 = Debug|Any CPU
		{7BF53965-F961-4405-A4F6-7CAAF1244B08}.Release|Any CPU.ActiveCfg = Release|Any CPU
		{7BF53965-F961-4405-A4F6-7CAAF1244B08}.Release|Any CPU.Build.0 = Release|Any CPU
		{E39F704E-342C-468C-A162-73DCAC9EE84B}.Debug|Any CPU.ActiveCfg = Debug|Any CPU
		{E39F704E-342C-468C-A162-73DCAC9EE84B}.Debug|Any CPU.Build.0 = Debug|Any CPU
		{E39F704E-342C-468C-A162-73DCAC9EE84B}.Release|Any CPU.ActiveCfg = Release|Any CPU
		{E39F704E-342C-468C-A162-73DCAC9EE84B}.Release|Any CPU.Build.0 = Release|Any CPU
	EndGlobalSection
	GlobalSection(SolutionProperties) = preSolution
		HideSolutionNode = FALSE
	EndGlobalSection
	GlobalSection(NestedProjects) = preSolution
		{945A1E18-7F67-4B22-9FF8-106DC28D24F0} = {6CDDF9AB-5A3B-4DD2-895A-66490F3765E3}
		{E2778D0C-927E-458F-8F06-8B6146F59666} = {6CDDF9AB-5A3B-4DD2-895A-66490F3765E3}
		{B1A09336-7642-4E20-90D5-811C68F18AF7} = {E2778D0C-927E-458F-8F06-8B6146F59666}
		{C14F4EEB-FE93-423F-A3B8-8AADEE8149A8} = {B1A09336-7642-4E20-90D5-811C68F18AF7}
		{B5928BF6-1920-4858-8D35-379F514772EE} = {B1A09336-7642-4E20-90D5-811C68F18AF7}
		{1D90F43D-2025-4B8A-954E-4FCD28E79B04} = {B1A09336-7642-4E20-90D5-811C68F18AF7}
		{53AA6E30-E2FA-4E61-BB61-0A0EE7480D91} = {B1A09336-7642-4E20-90D5-811C68F18AF7}
		{A538124C-34A3-4C7B-A88B-2F8625819CE8} = {945A1E18-7F67-4B22-9FF8-106DC28D24F0}
		{B53CEDC9-7EE8-4135-86CC-CB0B1512B3B4} = {945A1E18-7F67-4B22-9FF8-106DC28D24F0}
		{474FE5F0-CEE8-49E2-9FE9-D48513FBA25B} = {945A1E18-7F67-4B22-9FF8-106DC28D24F0}
		{CDAD3F5F-3FBE-44B9-B69D-EF072342691B} = {0EA5EC11-526A-4C55-BF7D-1B9C48A5B3EC}
		{FEAF0D4E-BA6D-4319-8322-9594554724B4} = {CDAD3F5F-3FBE-44B9-B69D-EF072342691B}
		{1EEDC174-0492-429C-867E-55B7732F1DD5} = {FEAF0D4E-BA6D-4319-8322-9594554724B4}
		{5C9FFC9F-9EC0-48DD-ADDC-53B082681679} = {E2778D0C-927E-458F-8F06-8B6146F59666}
		{45C28000-8FF3-476D-B373-A433711A664A} = {5C9FFC9F-9EC0-48DD-ADDC-53B082681679}
		{64CDB4B1-107B-4ED2-89AE-7483BA5EC01E} = {5C9FFC9F-9EC0-48DD-ADDC-53B082681679}
		{9D4DB16B-4FA7-4F27-B035-D8CE0D237C26} = {5C9FFC9F-9EC0-48DD-ADDC-53B082681679}
		{1AFD424C-9CA3-4DFB-A5EC-379DCDB17AAA} = {5C9FFC9F-9EC0-48DD-ADDC-53B082681679}
		{E368C15A-BAD7-42FF-BBA1-B14C0CFD649F} = {0EA5EC11-526A-4C55-BF7D-1B9C48A5B3EC}
		{0F812D94-61CD-4926-951A-10F83CC9205B} = {E368C15A-BAD7-42FF-BBA1-B14C0CFD649F}
		{FF316911-5489-4765-877D-287234621BD2} = {CDAD3F5F-3FBE-44B9-B69D-EF072342691B}
		{38639F36-32A1-47AE-BB9A-9F770FE59F5B} = {FF316911-5489-4765-877D-287234621BD2}
		{D7F608F4-CF96-4D67-8AA8-85E1E38D2777} = {E2778D0C-927E-458F-8F06-8B6146F59666}
		{85D4D7DE-049E-4B34-A38D-0EC21D52B6B5} = {E2778D0C-927E-458F-8F06-8B6146F59666}
		{70ECBAD4-BB2F-41FB-96A4-ADB85026F817} = {D7F608F4-CF96-4D67-8AA8-85E1E38D2777}
		{B4386DE9-F1F4-4701-B376-85EF6201FAD9} = {D7F608F4-CF96-4D67-8AA8-85E1E38D2777}
		{1492B33F-C0A0-47D1-B4A5-3B4AF17F3533} = {D7F608F4-CF96-4D67-8AA8-85E1E38D2777}
		{BF427ADE-0436-46A1-ADD9-B2C9F5F777FA} = {D7F608F4-CF96-4D67-8AA8-85E1E38D2777}
		{82FB2CE9-0312-48D4-B3DB-6240568AB288} = {945A1E18-7F67-4B22-9FF8-106DC28D24F0}
		{33DD83BB-A155-4F04-8522-407FA3500353} = {85D4D7DE-049E-4B34-A38D-0EC21D52B6B5}
		{D7C93E40-2DAF-42AD-B6FC-40F0A66B5D3D} = {85D4D7DE-049E-4B34-A38D-0EC21D52B6B5}
		{7BF53965-F961-4405-A4F6-7CAAF1244B08} = {85D4D7DE-049E-4B34-A38D-0EC21D52B6B5}
		{E39F704E-342C-468C-A162-73DCAC9EE84B} = {85D4D7DE-049E-4B34-A38D-0EC21D52B6B5}
		{98278E60-F9E0-4F8A-BFA4-E2FBF6A24B5D} = {3435A3E7-F022-4018-B92F-1B2F04E3DC51}
		{DBE33587-153E-4D84-93BA-491C5B319586} = {3435A3E7-F022-4018-B92F-1B2F04E3DC51}
		{198BAE15-72C0-498F-A21C-AB9CD40A6431} = {3435A3E7-F022-4018-B92F-1B2F04E3DC51}
		{4A2C09B9-414C-4570-9DC0-88C6DDAB0788} = {3435A3E7-F022-4018-B92F-1B2F04E3DC51}
	EndGlobalSection
	GlobalSection(ExtensibilityGlobals) = postSolution
		SolutionGuid = {7B0A42CF-ADC2-41B1-9EA5-CD0D8E875A38}
	EndGlobalSection
EndGlobal
